
Microsoft Visual Studio Solution File, Format Version 12.00
# Visual Studio 15
VisualStudioVersion = 15.0.35714.111
MinimumVisualStudioVersion = 10.0.40219.1
Project("{FAE04EC0-301F-11D3-BF4B-00C04F79EFBC}") = "LeVinhTu_0577", "LeVinhTu_0577\LeVinhTu_0577.csproj", "{B00480E4-5C39-4920-8B16-671D5EE0D182}"
EndProject
Global
	GlobalSection(SolutionConfigurationPlatforms) = preSolution
		Debug|Any CPU = Debug|Any CPU
		Release|Any CPU = Release|Any CPU
	EndGlobalSection
	GlobalSection(ProjectConfigurationPlatforms) = postSolution
		{B00480E4-5C39-4920-8B16-671D5EE0D182}.Debug|Any CPU.ActiveCfg = Debug|Any CPU
		{B00480E4-5C39-4920-8B16-671D5EE0D182}.Debug|Any CPU.Build.0 = Debug|Any CPU
		{B00480E4-5C39-4920-8B16-671D5EE0D182}.Release|Any CPU.ActiveCfg = Release|Any CPU
		{B00480E4-5C39-4920-8B16-671D5EE0D182}.Release|Any CPU.Build.0 = Release|Any CPU
	EndGlobalSection
	GlobalSection(SolutionProperties) = preSolution
		HideSolutionNode = FALSE
	EndGlobalSection
	GlobalSection(ExtensibilityGlobals) = postSolution
		SolutionGuid = {A2BCFDA6-939E-4842-AB5E-B8A79AA08730}
	EndGlobalSection
EndGlobal
